// !$*UTF8*$!
{
	archiveVersion = 1;
	classes = {
	};
	objectVersion = 46;
	objects = {

/* Begin PBXBuildFile section */
		8B36DE1C1B3894B300DB8E73 /* main.m in Sources */ = {isa = PBXBuildFile; fileRef = 8B36DE1B1B3894B300DB8E73 /* main.m */; };
		8B36DE1F1B3894B300DB8E73 /* AppDelegate.m in Sources */ = {isa = PBXBuildFile; fileRef = 8B36DE1E1B3894B300DB8E73 /* AppDelegate.m */; };
		8B36DE221B3894B300DB8E73 /* ViewController.m in Sources */ = {isa = PBXBuildFile; fileRef = 8B36DE211B3894B300DB8E73 /* ViewController.m */; };
		8B36DE251B3894B300DB8E73 /* Main.storyboard in Resources */ = {isa = PBXBuildFile; fileRef = 8B36DE231B3894B300DB8E73 /* Main.storyboard */; };
		8B36DE271B3894B300DB8E73 /* Images.xcassets in Resources */ = {isa = PBXBuildFile; fileRef = 8B36DE261B3894B300DB8E73 /* Images.xcassets */; };
		8B36DE2A1B3894B300DB8E73 /* LaunchScreen.xib in Resources */ = {isa = PBXBuildFile; fileRef = 8B36DE281B3894B300DB8E73 /* LaunchScreen.xib */; };
		8B36DE361B3894B300DB8E73 /* AKPaintTests.m in Sources */ = {isa = PBXBuildFile; fileRef = 8B36DE351B3894B300DB8E73 /* AKPaintTests.m */; };
/* End PBXBuildFile section */

/* Begin PBXContainerItemProxy section */
		8B36DE301B3894B300DB8E73 /* PBXContainerItemProxy */ = {
			isa = PBXContainerItemProxy;
			containerPortal = 8B36DE0E1B3894B300DB8E73 /* Project object */;
			proxyType = 1;
			remoteGlobalIDString = 8B36DE151B3894B300DB8E73;
			remoteInfo = AKPaint;
		};
/* End PBXContainerItemProxy section */

/* Begin PBXFileReference section */
		8B36DE161B3894B300DB8E73 /* AKPaint.app */ = {isa = PBXFileReference; explicitFileType = wrapper.application; includeInIndex = 0; path = AKPaint.app; sourceTree = BUILT_PRODUCTS_DIR; };
		8B36DE1A1B3894B300DB8E73 /* Info.plist */ = {isa = PBXFileReference; lastKnownFileType = text.plist.xml; path = Info.plist; sourceTree = "<group>"; };
		8B36DE1B1B3894B300DB8E73 /* main.m */ = {isa = PBXFileReference; lastKnownFileType = sourcecode.c.objc; path = main.m; sourceTree = "<group>"; };
		8B36DE1D1B3894B300DB8E73 /* AppDelegate.h */ = {isa = PBXFileReference; lastKnownFileType = sourcecode.c.h; path = AppDelegate.h; sourceTree = "<group>"; };
		8B36DE1E1B3894B300DB8E73 /* AppDelegate.m */ = {isa = PBXFileReference; lastKnownFileType = sourcecode.c.objc; path = AppDelegate.m; sourceTree = "<group>"; };
		8B36DE201B3894B300DB8E73 /* ViewController.h */ = {isa = PBXFileReference; lastKnownFileType = sourcecode.c.h; path = ViewController.h; sourceTree = "<group>"; };
		8B36DE211B3894B300DB8E73 /* ViewController.m */ = {isa = PBXFileReference; lastKnownFileType = sourcecode.c.objc; path = ViewController.m; sourceTree = "<group>"; };
		8B36DE241B3894B300DB8E73 /* Base */ = {isa = PBXFileReference; lastKnownFileType = file.storyboard; name = Base; path = Base.lproj/Main.storyboard; sourceTree = "<group>"; };
		8B36DE261B3894B300DB8E73 /* Images.xcassets */ = {isa = PBXFileReference; lastKnownFileType = folder.assetcatalog; path = Images.xcassets; sourceTree = "<group>"; };
		8B36DE291B3894B300DB8E73 /* Base */ = {isa = PBXFileReference; lastKnownFileType = file.xib; name = Base; path = Base.lproj/LaunchScreen.xib; sourceTree = "<group>"; };
		8B36DE2F1B3894B300DB8E73 /* AKPaintTests.xctest */ = {isa = PBXFileReference; explicitFileType = wrapper.cfbundle; includeInIndex = 0; path = AKPaintTests.xctest; sourceTree = BUILT_PRODUCTS_DIR; };
		8B36DE341B3894B300DB8E73 /* Info.plist */ = {isa = PBXFileReference; lastKnownFileType = text.plist.xml; path = Info.plist; sourceTree = "<group>"; };
		8B36DE351B3894B300DB8E73 /* AKPaintTests.m */ = {isa = PBXFileReference; lastKnownFileType = sourcecode.c.objc; path = AKPaintTests.m; sourceTree = "<group>"; };
/* End PBXFileReference section */

/* Begin PBXFrameworksBuildPhase section */
		8B36DE131B3894B300DB8E73 /* Frameworks */ = {
			isa = PBXFrameworksBuildPhase;
			buildActionMask = 2147483647;
			files = (
			);
			runOnlyForDeploymentPostprocessing = 0;
		};
		8B36DE2C1B3894B300DB8E73 /* Frameworks */ = {
			isa = PBXFrameworksBuildPhase;
			buildActionMask = 2147483647;
			files = (
			);
			runOnlyForDeploymentPostprocessing = 0;
		};
/* End PBXFrameworksBuildPhase section */

/* Begin PBXGroup section */
		8B36DE0D1B3894B300DB8E73 = {
			isa = PBXGroup;
			children = (
				8B36DE181B3894B300DB8E73 /* AKPaint */,
				8B36DE321B3894B300DB8E73 /* AKPaintTests */,
				8B36DE171B3894B300DB8E73 /* Products */,
			);
			sourceTree = "<group>";
		};
		8B36DE171B3894B300DB8E73 /* Products */ = {
			isa = PBXGroup;
			children = (
				8B36DE161B3894B300DB8E73 /* AKPaint.app */,
				8B36DE2F1B3894B300DB8E73 /* AKPaintTests.xctest */,
			);
			name = Products;
			sourceTree = "<group>";
		};
		8B36DE181B3894B300DB8E73 /* AKPaint */ = {
			isa = PBXGroup;
			children = (
				8B36DE1D1B3894B300DB8E73 /* AppDelegate.h */,
				8B36DE1E1B3894B300DB8E73 /* AppDelegate.m */,
				8B36DE201B3894B300DB8E73 /* ViewController.h */,
				8B36DE211B3894B300DB8E73 /* ViewController.m */,
				8B36DE231B3894B300DB8E73 /* Main.storyboard */,
				8B36DE261B3894B300DB8E73 /* Images.xcassets */,
				8B36DE281B3894B300DB8E73 /* LaunchScreen.xib */,
				8B36DE191B3894B300DB8E73 /* Supporting Files */,
			);
			path = AKPaint;
			sourceTree = "<group>";
		};
		8B36DE191B3894B300DB8E73 /* Supporting Files */ = {
			isa = PBXGroup;
			children = (
				8B36DE1A1B3894B300DB8E73 /* Info.plist */,
				8B36DE1B1B3894B300DB8E73 /* main.m */,
			);
			name = "Supporting Files";
			sourceTree = "<group>";
		};
		8B36DE321B3894B300DB8E73 /* AKPaintTests */ = {
			isa = PBXGroup;
			children = (
				8B36DE351B3894B300DB8E73 /* AKPaintTests.m */,
				8B36DE331B3894B300DB8E73 /* Supporting Files */,
			);
			path = AKPaintTests;
			sourceTree = "<group>";
		};
		8B36DE331B3894B300DB8E73 /* Supporting Files */ = {
			isa = PBXGroup;
			children = (
				8B36DE341B3894B300DB8E73 /* Info.plist */,
			);
			name = "Supporting Files";
			sourceTree = "<group>";
		};
/* End PBXGroup section */

/* Begin PBXNativeTarget section */
		8B36DE151B3894B300DB8E73 /* AKPaint */ = {
			isa = PBXNativeTarget;
			buildConfigurationList = 8B36DE391B3894B300DB8E73 /* Build configuration list for PBXNativeTarget "AKPaint" */;
			buildPhases = (
				8B36DE121B3894B300DB8E73 /* Sources */,
				8B36DE131B3894B300DB8E73 /* Frameworks */,
				8B36DE141B3894B300DB8E73 /* Resources */,
			);
			buildRules = (
			);
			dependencies = (
			);
			name = AKPaint;
			productName = AKPaint;
			productReference = 8B36DE161B3894B300DB8E73 /* AKPaint.app */;
			productType = "com.apple.product-type.application";
		};
		8B36DE2E1B3894B300DB8E73 /* AKPaintTests */ = {
			isa = PBXNativeTarget;
			buildConfigurationList = 8B36DE3C1B3894B300DB8E73 /* Build configuration list for PBXNativeTarget "AKPaintTests" */;
			buildPhases = (
				8B36DE2B1B3894B300DB8E73 /* Sources */,
				8B36DE2C1B3894B300DB8E73 /* Frameworks */,
				8B36DE2D1B3894B300DB8E73 /* Resources */,
			);
			buildRules = (
			);
			dependencies = (
				8B36DE311B3894B300DB8E73 /* PBXTargetDependency */,
			);
			name = AKPaintTests;
			productName = AKPaintTests;
			productReference = 8B36DE2F1B3894B300DB8E73 /* AKPaintTests.xctest */;
			productType = "com.apple.product-type.bundle.unit-test";
		};
/* End PBXNativeTarget section */

/* Begin PBXProject section */
		8B36DE0E1B3894B300DB8E73 /* Project object */ = {
			isa = PBXProject;
			attributes = {
				LastUpgradeCheck = 0630;
				ORGANIZATIONNAME = "Xiaonan Wang";
				TargetAttributes = {
					8B36DE151B3894B300DB8E73 = {
						CreatedOnToolsVersion = 6.3.2;
					};
					8B36DE2E1B3894B300DB8E73 = {
						CreatedOnToolsVersion = 6.3.2;
						TestTargetID = 8B36DE151B3894B300DB8E73;
					};
				};
			};
			buildConfigurationList = 8B36DE111B3894B300DB8E73 /* Build configuration list for PBXProject "AKPaint" */;
			compatibilityVersion = "Xcode 3.2";
			developmentRegion = English;
			hasScannedForEncodings = 0;
			knownRegions = (
				en,
				Base,
			);
			mainGroup = 8B36DE0D1B3894B300DB8E73;
			productRefGroup = 8B36DE171B3894B300DB8E73 /* Products */;
			projectDirPath = "";
			projectRoot = "";
			targets = (
				8B36DE151B3894B300DB8E73 /* AKPaint */,
				8B36DE2E1B3894B300DB8E73 /* AKPaintTests */,
			);
		};
/* End PBXProject section */

/* Begin PBXResourcesBuildPhase section */
		8B36DE141B3894B300DB8E73 /* Resources */ = {
			isa = PBXResourcesBuildPhase;
			buildActionMask = 2147483647;
			files = (
				8B36DE251B3894B300DB8E73 /* Main.storyboard in Resources */,
				8B36DE2A1B3894B300DB8E73 /* LaunchScreen.xib in Resources */,
				8B36DE271B3894B300DB8E73 /* Images.xcassets in Resources */,
			);
			runOnlyForDeploymentPostprocessing = 0;
		};
		8B36DE2D1B3894B300DB8E73 /* Resources */ = {
			isa = PBXResourcesBuildPhase;
			buildActionMask = 2147483647;
			files = (
			);
			runOnlyForDeploymentPostprocessing = 0;
		};
/* End PBXResourcesBuildPhase section */

/* Begin PBXSourcesBuildPhase section */
		8B36DE121B3894B300DB8E73 /* Sources */ = {
			isa = PBXSourcesBuildPhase;
			buildActionMask = 2147483647;
			files = (
				8B36DE221B3894B300DB8E73 /* ViewController.m in Sources */,
				8B36DE1F1B3894B300DB8E73 /* AppDelegate.m in Sources */,
				8B36DE1C1B3894B300DB8E73 /* main.m in Sources */,
			);
			runOnlyForDeploymentPostprocessing = 0;
		};
		8B36DE2B1B3894B300DB8E73 /* Sources */ = {
			isa = PBXSourcesBuildPhase;
			buildActionMask = 2147483647;
			files = (
				8B36DE361B3894B300DB8E73 /* AKPaintTests.m in Sources */,
			);
			runOnlyForDeploymentPostprocessing = 0;
		};
/* End PBXSourcesBuildPhase section */

/* Begin PBXTargetDependency section */
		8B36DE311B3894B300DB8E73 /* PBXTargetDependency */ = {
			isa = PBXTargetDependency;
			target = 8B36DE151B3894B300DB8E73 /* AKPaint */;
			targetProxy = 8B36DE301B3894B300DB8E73 /* PBXContainerItemProxy */;
		};
/* End PBXTargetDependency section */

/* Begin PBXVariantGroup section */
		8B36DE231B3894B300DB8E73 /* Main.storyboard */ = {
			isa = PBXVariantGroup;
			children = (
				8B36DE241B3894B300DB8E73 /* Base */,
			);
			name = Main.storyboard;
			sourceTree = "<group>";
		};
		8B36DE281B3894B300DB8E73 /* LaunchScreen.xib */ = {
			isa = PBXVariantGroup;
			children = (
				8B36DE291B3894B300DB8E73 /* Base */,
			);
			name = LaunchScreen.xib;
			sourceTree = "<group>";
		};
/* End PBXVariantGroup section */

/* Begin XCBuildConfiguration section */
		8B36DE371B3894B300DB8E73 /* Debug */ = {
			isa = XCBuildConfiguration;
			buildSettings = {
				ALWAYS_SEARCH_USER_PATHS = NO;
				CLANG_CXX_LANGUAGE_STANDARD = "gnu++0x";
				CLANG_CXX_LIBRARY = "libc++";
				CLANG_ENABLE_MODULES = YES;
				CLANG_ENABLE_OBJC_ARC = YES;
				CLANG_WARN_BOOL_CONVERSION = YES;
				CLANG_WARN_CONSTANT_CONVERSION = YES;
				CLANG_WARN_DIRECT_OBJC_ISA_USAGE = YES_ERROR;
				CLANG_WARN_EMPTY_BODY = YES;
				CLANG_WARN_ENUM_CONVERSION = YES;
				CLANG_WARN_INT_CONVERSION = YES;
				CLANG_WARN_OBJC_ROOT_CLASS = YES_ERROR;
				CLANG_WARN_UNREACHABLE_CODE = YES;
				CLANG_WARN__DUPLICATE_METHOD_MATCH = YES;
				"CODE_SIGN_IDENTITY[sdk=iphoneos*]" = "iPhone Developer";
				COPY_PHASE_STRIP = NO;
				DEBUG_INFORMATION_FORMAT = "dwarf-with-dsym";
				ENABLE_STRICT_OBJC_MSGSEND = YES;
				GCC_C_LANGUAGE_STANDARD = gnu99;
				GCC_DYNAMIC_NO_PIC = NO;
				GCC_NO_COMMON_BLOCKS = YES;
				GCC_OPTIMIZATION_LEVEL = 0;
				GCC_PREPROCESSOR_DEFINITIONS = (
					"DEBUG=1",
					"$(inherited)",
				);
				GCC_SYMBOLS_PRIVATE_EXTERN = NO;
				GCC_WARN_64_TO_32_BIT_CONVERSION = YES;
				GCC_WARN_ABOUT_RETURN_TYPE = YES_ERROR;
				GCC_WARN_UNDECLARED_SELECTOR = YES;
				GCC_WARN_UNINITIALIZED_AUTOS = YES_AGGRESSIVE;
				GCC_WARN_UNUSED_FUNCTION = YES;
				GCC_WARN_UNUSED_VARIABLE = YES;
				IPHONEOS_DEPLOYMENT_TARGET = 8.3;
				MTL_ENABLE_DEBUG_INFO = YES;
				ONLY_ACTIVE_ARCH = YES;
				SDKROOT = iphoneos;
			};
			name = Debug;
		};
		8B36DE381B3894B300DB8E73 /* Release */ = {
			isa = XCBuildConfiguration;
			buildSettings = {
				ALWAYS_SEARCH_USER_PATHS = NO;
				CLANG_CXX_LANGUAGE_STANDARD = "gnu++0x";
				CLANG_CXX_LIBRARY = "libc++";
				CLANG_ENABLE_MODULES = YES;
				CLANG_ENABLE_OBJC_ARC = YES;
				CLANG_WARN_BOOL_CONVERSION = YES;
				CLANG_WARN_CONSTANT_CONVERSION = YES;
				CLANG_WARN_DIRECT_OBJC_ISA_USAGE = YES_ERROR;
				CLANG_WARN_EMPTY_BODY = YES;
				CLANG_WARN_ENUM_CONVERSION = YES;
				CLANG_WARN_INT_CONVERSION = YES;
				CLANG_WARN_OBJC_ROOT_CLASS = YES_ERROR;
				CLANG_WARN_UNREACHABLE_CODE = YES;
				CLANG_WARN__DUPLICATE_METHOD_MATCH = YES;
				"CODE_SIGN_IDENTITY[sdk=iphoneos*]" = "iPhone Developer";
				COPY_PHASE_STRIP = NO;
				DEBUG_INFORMATION_FORMAT = "dwarf-with-dsym";
				ENABLE_NS_ASSERTIONS = NO;
				ENABLE_STRICT_OBJC_MSGSEND = YES;
				GCC_C_LANGUAGE_STANDARD = gnu99;
				GCC_NO_COMMON_BLOCKS = YES;
				GCC_WARN_64_TO_32_BIT_CONVERSION = YES;
				GCC_WARN_ABOUT_RETURN_TYPE = YES_ERROR;
				GCC_WARN_UNDECLARED_SELECTOR = YES;
				GCC_WARN_UNINITIALIZED_AUTOS = YES_AGGRESSIVE;
				GCC_WARN_UNUSED_FUNCTION = YES;
				GCC_WARN_UNUSED_VARIABLE = YES;
				IPHONEOS_DEPLOYMENT_TARGET = 8.3;
				MTL_ENABLE_DEBUG_INFO = NO;
				SDKROOT = iphoneos;
				VALIDATE_PRODUCT = YES;
			};
			name = Release;
		};
		8B36DE3A1B3894B300DB8E73 /* Debug */ = {
			isa = XCBuildConfiguration;
			buildSettings = {
				ASSETCATALOG_COMPILER_APPICON_NAME = AppIcon;
				INFOPLIST_FILE = AKPaint/Info.plist;
				LD_RUNPATH_SEARCH_PATHS = "$(inherited) @executable_path/Frameworks";
				PRODUCT_NAME = "$(TARGET_NAME)";
			};
			name = Debug;
		};
		8B36DE3B1B3894B300DB8E73 /* Release */ = {
			isa = XCBuildConfiguration;
			buildSettings = {
				ASSETCATALOG_COMPILER_APPICON_NAME = AppIcon;
				INFOPLIST_FILE = AKPaint/Info.plist;
				LD_RUNPATH_SEARCH_PATHS = "$(inherited) @executable_path/Frameworks";
				PRODUCT_NAME = "$(TARGET_NAME)";
			};
			name = Release;
		};
		8B36DE3D1B3894B300DB8E73 /* Debug */ = {
			isa = XCBuildConfiguration;
			buildSettings = {
				BUNDLE_LOADER = "$(TEST_HOST)";
				FRAMEWORK_SEARCH_PATHS = (
					"$(SDKROOT)/Developer/Library/Frameworks",
					"$(inherited)",
				);
				GCC_PREPROCESSOR_DEFINITIONS = (
					"DEBUG=1",
					"$(inherited)",
				);
				INFOPLIST_FILE = AKPaintTests/Info.plist;
				LD_RUNPATH_SEARCH_PATHS = "$(inherited) @executable_path/Frameworks @loader_path/Frameworks";
				PRODUCT_NAME = "$(TARGET_NAME)";
				TEST_HOST = "$(BUILT_PRODUCTS_DIR)/AKPaint.app/AKPaint";
			};
			name = Debug;
		};
		8B36DE3E1B3894B300DB8E73 /* Release */ = {
			isa = XCBuildConfiguration;
			buildSettings = {
				BUNDLE_LOADER = "$(TEST_HOST)";
				FRAMEWORK_SEARCH_PATHS = (
					"$(SDKROOT)/Developer/Library/Frameworks",
					"$(inherited)",
				);
				INFOPLIST_FILE = AKPaintTests/Info.plist;
				LD_RUNPATH_SEARCH_PATHS = "$(inherited) @executable_path/Frameworks @loader_path/Frameworks";
				PRODUCT_NAME = "$(TARGET_NAME)";
				TEST_HOST = "$(BUILT_PRODUCTS_DIR)/AKPaint.app/AKPaint";
			};
			name = Release;
		};
/* End XCBuildConfiguration section */

/* Begin XCConfigurationList section */
		8B36DE111B3894B300DB8E73 /* Build configuration list for PBXProject "AKPaint" */ = {
			isa = XCConfigurationList;
			buildConfigurations = (
				8B36DE371B3894B300DB8E73 /* Debug */,
				8B36DE381B3894B300DB8E73 /* Release */,
			);
			defaultConfigurationIsVisible = 0;
			defaultConfigurationName = Release;
		};
		8B36DE391B3894B300DB8E73 /* Build configuration list for PBXNativeTarget "AKPaint" */ = {
			isa = XCConfigurationList;
			buildConfigurations = (
				8B36DE3A1B3894B300DB8E73 /* Debug */,
				8B36DE3B1B3894B300DB8E73 /* Release */,
			);
			defaultConfigurationIsVisible = 0;
		};
		8B36DE3C1B3894B300DB8E73 /* Build configuration list for PBXNativeTarget "AKPaintTests" */ = {
			isa = XCConfigurationList;
			buildConfigurations = (
				8B36DE3D1B3894B300DB8E73 /* Debug */,
				8B36DE3E1B3894B300DB8E73 /* Release */,
			);
			defaultConfigurationIsVisible = 0;
		};
/* End XCConfigurationList section */
	};
	rootObject = 8B36DE0E1B3894B300DB8E73 /* Project object */;
}
